
Microsoft Visual Studio Solution File, Format Version 12.00
# Visual Studio Version 16
VisualStudioVersion = 16.0.30523.141
MinimumVisualStudioVersion = 10.0.40219.1
Project("{FAE04EC0-301F-11D3-BF4B-00C04F79EFBC}") = "ProductManagement", "ProductManagement\ProductManagement.csproj", "{8AF43CDC-9169-44BB-B0C2-AA69C1E1E8E9}"
EndProject
Project("{FAE04EC0-301F-11D3-BF4B-00C04F79EFBC}") = "Product Unit Test", "Product Unit Test\Product Unit Test.csproj", "{BB3AA2CE-DB09-4BCA-9D46-9E5F372E31BD}"
EndProject
Global
	GlobalSection(SolutionConfigurationPlatforms) = preSolution
		Debug|Any CPU = Debug|Any CPU
		Release|Any CPU = Release|Any CPU
	EndGlobalSection
	GlobalSection(ProjectConfigurationPlatforms) = postSolution
		{8AF43CDC-9169-44BB-B0C2-AA69C1E1E8E9}.Debug|Any CPU.ActiveCfg = Debug|Any CPU
		{8AF43CDC-9169-44BB-B0C2-AA69C1E1E8E9}.Debug|Any CPU.Build.0 = Debug|Any CPU
		{8AF43CDC-9169-44BB-B0C2-AA69C1E1E8E9}.Release|Any CPU.ActiveCfg = Release|Any CPU
		{8AF43CDC-9169-44BB-B0C2-AA69C1E1E8E9}.Release|Any CPU.Build.0 = Release|Any CPU
		{BB3AA2CE-DB09-4BCA-9D46-9E5F372E31BD}.Debug|Any CPU.ActiveCfg = Debug|Any CPU
		{BB3AA2CE-DB09-4BCA-9D46-9E5F372E31BD}.Debug|Any CPU.Build.0 = Debug|Any CPU
		{BB3AA2CE-DB09-4BCA-9D46-9E5F372E31BD}.Release|Any CPU.ActiveCfg = Release|Any CPU
		{BB3AA2CE-DB09-4BCA-9D46-9E5F372E31BD}.Release|Any CPU.Build.0 = Release|Any CPU
	EndGlobalSection
	GlobalSection(SolutionProperties) = preSolution
		HideSolutionNode = FALSE
	EndGlobalSection
	GlobalSection(ExtensibilityGlobals) = postSolution
		SolutionGuid = {2F2225EA-32DB-44AB-B4B8-4AAEBF715CCB}
	EndGlobalSection
EndGlobal
